// !$*UTF8*$!
{
	archiveVersion = 1;
	classes = {
	};
	objectVersion = 50;
	objects = {

/* Begin PBXBuildFile section */
		AD426B7626D5DF1E0045B1EF /* TodoProtocol.swift in Sources */ = {isa = PBXBuildFile; fileRef = AD426B7526D5DF1E0045B1EF /* TodoProtocol.swift */; };
		AD47069326D0A67F0092876B /* AppDelegate.swift in Sources */ = {isa = PBXBuildFile; fileRef = AD47069226D0A67F0092876B /* AppDelegate.swift */; };
		AD47069526D0A67F0092876B /* SceneDelegate.swift in Sources */ = {isa = PBXBuildFile; fileRef = AD47069426D0A67F0092876B /* SceneDelegate.swift */; };
		AD47069726D0A67F0092876B /* ViewController.swift in Sources */ = {isa = PBXBuildFile; fileRef = AD47069626D0A67F0092876B /* ViewController.swift */; };
		AD47069A26D0A67F0092876B /* Main.storyboard in Resources */ = {isa = PBXBuildFile; fileRef = AD47069826D0A67F0092876B /* Main.storyboard */; };
		AD47069C26D0A67F0092876B /* Assets.xcassets in Resources */ = {isa = PBXBuildFile; fileRef = AD47069B26D0A67F0092876B /* Assets.xcassets */; };
		AD47069F26D0A67F0092876B /* LaunchScreen.storyboard in Resources */ = {isa = PBXBuildFile; fileRef = AD47069D26D0A67F0092876B /* LaunchScreen.storyboard */; };
		AD4706AA26D0A6CE0092876B /* Todo.swift in Sources */ = {isa = PBXBuildFile; fileRef = AD4706A926D0A6CE0092876B /* Todo.swift */; };
		AD4706AC26D0A9060092876B /* TableView.swift in Sources */ = {isa = PBXBuildFile; fileRef = AD4706AB26D0A9060092876B /* TableView.swift */; };
		AD4706AE26D0A9BA0092876B /* TableViewCell.swift in Sources */ = {isa = PBXBuildFile; fileRef = AD4706AD26D0A9BA0092876B /* TableViewCell.swift */; };
		AD5ABBF026D75300006F22E1 /* Model.xcdatamodeld in Sources */ = {isa = PBXBuildFile; fileRef = AD5ABBEE26D75300006F22E1 /* Model.xcdatamodeld */; };
		AD5ABC1626D76487006F22E1 /* TodoListItem+CoreDataClass.swift in Sources */ = {isa = PBXBuildFile; fileRef = AD5ABC1426D76487006F22E1 /* TodoListItem+CoreDataClass.swift */; };
		AD5ABC1726D76487006F22E1 /* TodoListItem+CoreDataProperties.swift in Sources */ = {isa = PBXBuildFile; fileRef = AD5ABC1526D76487006F22E1 /* TodoListItem+CoreDataProperties.swift */; };
		AD6BFC8F26D4876C005D2C1B /* TodoViewModel.swift in Sources */ = {isa = PBXBuildFile; fileRef = AD6BFC8E26D4876C005D2C1B /* TodoViewModel.swift */; };
		AD6BFCB626D515A9005D2C1B /* AddContentView.swift in Sources */ = {isa = PBXBuildFile; fileRef = AD6BFCB526D515A9005D2C1B /* AddContentView.swift */; };
/* End PBXBuildFile section */

/* Begin PBXFileReference section */
		AD426B7526D5DF1E0045B1EF /* TodoProtocol.swift */ = {isa = PBXFileReference; lastKnownFileType = sourcecode.swift; path = TodoProtocol.swift; sourceTree = "<group>"; };
		AD47068F26D0A67F0092876B /* CoreDataTest.app */ = {isa = PBXFileReference; explicitFileType = wrapper.application; includeInIndex = 0; path = CoreDataTest.app; sourceTree = BUILT_PRODUCTS_DIR; };
		AD47069226D0A67F0092876B /* AppDelegate.swift */ = {isa = PBXFileReference; lastKnownFileType = sourcecode.swift; path = AppDelegate.swift; sourceTree = "<group>"; };
		AD47069426D0A67F0092876B /* SceneDelegate.swift */ = {isa = PBXFileReference; lastKnownFileType = sourcecode.swift; path = SceneDelegate.swift; sourceTree = "<group>"; };
		AD47069626D0A67F0092876B /* ViewController.swift */ = {isa = PBXFileReference; lastKnownFileType = sourcecode.swift; path = ViewController.swift; sourceTree = "<group>"; };
		AD47069926D0A67F0092876B /* Base */ = {isa = PBXFileReference; lastKnownFileType = file.storyboard; name = Base; path = Base.lproj/Main.storyboard; sourceTree = "<group>"; };
		AD47069B26D0A67F0092876B /* Assets.xcassets */ = {isa = PBXFileReference; lastKnownFileType = folder.assetcatalog; path = Assets.xcassets; sourceTree = "<group>"; };
		AD47069E26D0A67F0092876B /* Base */ = {isa = PBXFileReference; lastKnownFileType = file.storyboard; name = Base; path = Base.lproj/LaunchScreen.storyboard; sourceTree = "<group>"; };
		AD4706A026D0A67F0092876B /* Info.plist */ = {isa = PBXFileReference; lastKnownFileType = text.plist.xml; path = Info.plist; sourceTree = "<group>"; };
		AD4706A926D0A6CE0092876B /* Todo.swift */ = {isa = PBXFileReference; lastKnownFileType = sourcecode.swift; path = Todo.swift; sourceTree = "<group>"; };
		AD4706AB26D0A9060092876B /* TableView.swift */ = {isa = PBXFileReference; lastKnownFileType = sourcecode.swift; path = TableView.swift; sourceTree = "<group>"; };
		AD4706AD26D0A9BA0092876B /* TableViewCell.swift */ = {isa = PBXFileReference; lastKnownFileType = sourcecode.swift; path = TableViewCell.swift; sourceTree = "<group>"; };
		AD5ABBEF26D75300006F22E1 /* Model.xcdatamodel */ = {isa = PBXFileReference; lastKnownFileType = wrapper.xcdatamodel; path = Model.xcdatamodel; sourceTree = "<group>"; };
		AD5ABC1426D76487006F22E1 /* TodoListItem+CoreDataClass.swift */ = {isa = PBXFileReference; lastKnownFileType = sourcecode.swift; path = "TodoListItem+CoreDataClass.swift"; sourceTree = "<group>"; };
		AD5ABC1526D76487006F22E1 /* TodoListItem+CoreDataProperties.swift */ = {isa = PBXFileReference; lastKnownFileType = sourcecode.swift; path = "TodoListItem+CoreDataProperties.swift"; sourceTree = "<group>"; };
		AD6BFC8E26D4876C005D2C1B /* TodoViewModel.swift */ = {isa = PBXFileReference; lastKnownFileType = sourcecode.swift; path = TodoViewModel.swift; sourceTree = "<group>"; };
		AD6BFCB526D515A9005D2C1B /* AddContentView.swift */ = {isa = PBXFileReference; lastKnownFileType = sourcecode.swift; path = AddContentView.swift; sourceTree = "<group>"; };
/* End PBXFileReference section */

/* Begin PBXFrameworksBuildPhase section */
		AD47068C26D0A67F0092876B /* Frameworks */ = {
			isa = PBXFrameworksBuildPhase;
			buildActionMask = 2147483647;
			files = (
			);
			runOnlyForDeploymentPostprocessing = 0;
		};
/* End PBXFrameworksBuildPhase section */

/* Begin PBXGroup section */
		AD426B7426D5DF110045B1EF /* Protocols */ = {
			isa = PBXGroup;
			children = (
				AD426B7526D5DF1E0045B1EF /* TodoProtocol.swift */,
			);
			path = Protocols;
			sourceTree = "<group>";
		};
		AD47068626D0A67F0092876B = {
			isa = PBXGroup;
			children = (
				AD47069126D0A67F0092876B /* CoreDataTest */,
				AD47069026D0A67F0092876B /* Products */,
			);
			sourceTree = "<group>";
		};
		AD47069026D0A67F0092876B /* Products */ = {
			isa = PBXGroup;
			children = (
				AD47068F26D0A67F0092876B /* CoreDataTest.app */,
			);
			name = Products;
			sourceTree = "<group>";
		};
		AD47069126D0A67F0092876B /* CoreDataTest */ = {
			isa = PBXGroup;
			children = (
				AD5ABC1826D764A7006F22E1 /* TodoListItem */,
				AD5ABBEE26D75300006F22E1 /* Model.xcdatamodeld */,
				AD426B7426D5DF110045B1EF /* Protocols */,
				AD6BFC8D26D48758005D2C1B /* ViewModels */,
				AD4706A826D0A6B90092876B /* Models */,
				AD4706A726D0A6A20092876B /* Views */,
				AD4706A626D0A68B0092876B /* Resources */,
				AD47069626D0A67F0092876B /* ViewController.swift */,
				AD4706A026D0A67F0092876B /* Info.plist */,
			);
			path = CoreDataTest;
			sourceTree = "<group>";
		};
		AD4706A626D0A68B0092876B /* Resources */ = {
			isa = PBXGroup;
			children = (
				AD47069226D0A67F0092876B /* AppDelegate.swift */,
				AD47069426D0A67F0092876B /* SceneDelegate.swift */,
				AD47069B26D0A67F0092876B /* Assets.xcassets */,
			);
			path = Resources;
			sourceTree = "<group>";
		};
		AD4706A726D0A6A20092876B /* Views */ = {
			isa = PBXGroup;
			children = (
				AD47069826D0A67F0092876B /* Main.storyboard */,
				AD47069D26D0A67F0092876B /* LaunchScreen.storyboard */,
				AD4706AB26D0A9060092876B /* TableView.swift */,
				AD4706AD26D0A9BA0092876B /* TableViewCell.swift */,
				AD6BFCB526D515A9005D2C1B /* AddContentView.swift */,
			);
			path = Views;
			sourceTree = "<group>";
		};
		AD4706A826D0A6B90092876B /* Models */ = {
			isa = PBXGroup;
			children = (
				AD4706A926D0A6CE0092876B /* Todo.swift */,
			);
			path = Models;
			sourceTree = "<group>";
		};
		AD5ABC1826D764A7006F22E1 /* TodoListItem */ = {
			isa = PBXGroup;
			children = (
				AD5ABC1426D76487006F22E1 /* TodoListItem+CoreDataClass.swift */,
				AD5ABC1526D76487006F22E1 /* TodoListItem+CoreDataProperties.swift */,
			);
			path = TodoListItem;
			sourceTree = "<group>";
		};
		AD6BFC8D26D48758005D2C1B /* ViewModels */ = {
			isa = PBXGroup;
			children = (
				AD6BFC8E26D4876C005D2C1B /* TodoViewModel.swift */,
			);
			path = ViewModels;
			sourceTree = "<group>";
		};
/* End PBXGroup section */

/* Begin PBXNativeTarget section */
		AD47068E26D0A67F0092876B /* CoreDataTest */ = {
			isa = PBXNativeTarget;
			buildConfigurationList = AD4706A326D0A67F0092876B /* Build configuration list for PBXNativeTarget "CoreDataTest" */;
			buildPhases = (
				AD47068B26D0A67F0092876B /* Sources */,
				AD47068C26D0A67F0092876B /* Frameworks */,
				AD47068D26D0A67F0092876B /* Resources */,
			);
			buildRules = (
			);
			dependencies = (
			);
			name = CoreDataTest;
			productName = CoreDataTest;
			productReference = AD47068F26D0A67F0092876B /* CoreDataTest.app */;
			productType = "com.apple.product-type.application";
		};
/* End PBXNativeTarget section */

/* Begin PBXProject section */
		AD47068726D0A67F0092876B /* Project object */ = {
			isa = PBXProject;
			attributes = {
				LastSwiftUpdateCheck = 1250;
				LastUpgradeCheck = 1250;
				TargetAttributes = {
					AD47068E26D0A67F0092876B = {
						CreatedOnToolsVersion = 12.5.1;
					};
				};
			};
			buildConfigurationList = AD47068A26D0A67F0092876B /* Build configuration list for PBXProject "CoreDataTest" */;
			compatibilityVersion = "Xcode 9.3";
			developmentRegion = en;
			hasScannedForEncodings = 0;
			knownRegions = (
				en,
				Base,
			);
			mainGroup = AD47068626D0A67F0092876B;
			productRefGroup = AD47069026D0A67F0092876B /* Products */;
			projectDirPath = "";
			projectRoot = "";
			targets = (
				AD47068E26D0A67F0092876B /* CoreDataTest */,
			);
		};
/* End PBXProject section */

/* Begin PBXResourcesBuildPhase section */
		AD47068D26D0A67F0092876B /* Resources */ = {
			isa = PBXResourcesBuildPhase;
			buildActionMask = 2147483647;
			files = (
				AD47069F26D0A67F0092876B /* LaunchScreen.storyboard in Resources */,
				AD47069C26D0A67F0092876B /* Assets.xcassets in Resources */,
				AD47069A26D0A67F0092876B /* Main.storyboard in Resources */,
			);
			runOnlyForDeploymentPostprocessing = 0;
		};
/* End PBXResourcesBuildPhase section */

/* Begin PBXSourcesBuildPhase section */
		AD47068B26D0A67F0092876B /* Sources */ = {
			isa = PBXSourcesBuildPhase;
			buildActionMask = 2147483647;
			files = (
				AD6BFC8F26D4876C005D2C1B /* TodoViewModel.swift in Sources */,
				AD5ABC1626D76487006F22E1 /* TodoListItem+CoreDataClass.swift in Sources */,
				AD47069726D0A67F0092876B /* ViewController.swift in Sources */,
				AD4706AC26D0A9060092876B /* TableView.swift in Sources */,
				AD5ABC1726D76487006F22E1 /* TodoListItem+CoreDataProperties.swift in Sources */,
				AD47069326D0A67F0092876B /* AppDelegate.swift in Sources */,
				AD4706AE26D0A9BA0092876B /* TableViewCell.swift in Sources */,
				AD47069526D0A67F0092876B /* SceneDelegate.swift in Sources */,
				AD6BFCB626D515A9005D2C1B /* AddContentView.swift in Sources */,
				AD5ABBF026D75300006F22E1 /* Model.xcdatamodeld in Sources */,
				AD426B7626D5DF1E0045B1EF /* TodoProtocol.swift in Sources */,
				AD4706AA26D0A6CE0092876B /* Todo.swift in Sources */,
			);
			runOnlyForDeploymentPostprocessing = 0;
		};
/* End PBXSourcesBuildPhase section */

/* Begin PBXVariantGroup section */
		AD47069826D0A67F0092876B /* Main.storyboard */ = {
			isa = PBXVariantGroup;
			children = (
				AD47069926D0A67F0092876B /* Base */,
			);
			name = Main.storyboard;
			sourceTree = "<group>";
		};
		AD47069D26D0A67F0092876B /* LaunchScreen.storyboard */ = {
			isa = PBXVariantGroup;
			children = (
				AD47069E26D0A67F0092876B /* Base */,
			);
			name = LaunchScreen.storyboard;
			sourceTree = "<group>";
		};
/* End PBXVariantGroup section */

/* Begin XCBuildConfiguration section */
		AD4706A126D0A67F0092876B /* Debug */ = {
			isa = XCBuildConfiguration;
			buildSettings = {
				ALWAYS_SEARCH_USER_PATHS = NO;
				CLANG_ANALYZER_NONNULL = YES;
				CLANG_ANALYZER_NUMBER_OBJECT_CONVERSION = YES_AGGRESSIVE;
				CLANG_CXX_LANGUAGE_STANDARD = "gnu++14";
				CLANG_CXX_LIBRARY = "libc++";
				CLANG_ENABLE_MODULES = YES;
				CLANG_ENABLE_OBJC_ARC = YES;
				CLANG_ENABLE_OBJC_WEAK = YES;
				CLANG_WARN_BLOCK_CAPTURE_AUTORELEASING = YES;
				CLANG_WARN_BOOL_CONVERSION = YES;
				CLANG_WARN_COMMA = YES;
				CLANG_WARN_CONSTANT_CONVERSION = YES;
				CLANG_WARN_DEPRECATED_OBJC_IMPLEMENTATIONS = YES;
				CLANG_WARN_DIRECT_OBJC_ISA_USAGE = YES_ERROR;
				CLANG_WARN_DOCUMENTATION_COMMENTS = YES;
				CLANG_WARN_EMPTY_BODY = YES;
				CLANG_WARN_ENUM_CONVERSION = YES;
				CLANG_WARN_INFINITE_RECURSION = YES;
				CLANG_WARN_INT_CONVERSION = YES;
				CLANG_WARN_NON_LITERAL_NULL_CONVERSION = YES;
				CLANG_WARN_OBJC_IMPLICIT_RETAIN_SELF = YES;
				CLANG_WARN_OBJC_LITERAL_CONVERSION = YES;
				CLANG_WARN_OBJC_ROOT_CLASS = YES_ERROR;
				CLANG_WARN_QUOTED_INCLUDE_IN_FRAMEWORK_HEADER = YES;
				CLANG_WARN_RANGE_LOOP_ANALYSIS = YES;
				CLANG_WARN_STRICT_PROTOTYPES = YES;
				CLANG_WARN_SUSPICIOUS_MOVE = YES;
				CLANG_WARN_UNGUARDED_AVAILABILITY = YES_AGGRESSIVE;
				CLANG_WARN_UNREACHABLE_CODE = YES;
				CLANG_WARN__DUPLICATE_METHOD_MATCH = YES;
				COPY_PHASE_STRIP = NO;
				DEBUG_INFORMATION_FORMAT = dwarf;
				ENABLE_STRICT_OBJC_MSGSEND = YES;
				ENABLE_TESTABILITY = YES;
				GCC_C_LANGUAGE_STANDARD = gnu11;
				GCC_DYNAMIC_NO_PIC = NO;
				GCC_NO_COMMON_BLOCKS = YES;
				GCC_OPTIMIZATION_LEVEL = 0;
				GCC_PREPROCESSOR_DEFINITIONS = (
					"DEBUG=1",
					"$(inherited)",
				);
				GCC_WARN_64_TO_32_BIT_CONVERSION = YES;
				GCC_WARN_ABOUT_RETURN_TYPE = YES_ERROR;
				GCC_WARN_UNDECLARED_SELECTOR = YES;
				GCC_WARN_UNINITIALIZED_AUTOS = YES_AGGRESSIVE;
				GCC_WARN_UNUSED_FUNCTION = YES;
				GCC_WARN_UNUSED_VARIABLE = YES;
				IPHONEOS_DEPLOYMENT_TARGET = 14.5;
				MTL_ENABLE_DEBUG_INFO = INCLUDE_SOURCE;
				MTL_FAST_MATH = YES;
				ONLY_ACTIVE_ARCH = YES;
				SDKROOT = iphoneos;
				SWIFT_ACTIVE_COMPILATION_CONDITIONS = DEBUG;
				SWIFT_OPTIMIZATION_LEVEL = "-Onone";
			};
			name = Debug;
		};
		AD4706A226D0A67F0092876B /* Release */ = {
			isa = XCBuildConfiguration;
			buildSettings = {
				ALWAYS_SEARCH_USER_PATHS = NO;
				CLANG_ANALYZER_NONNULL = YES;
				CLANG_ANALYZER_NUMBER_OBJECT_CONVERSION = YES_AGGRESSIVE;
				CLANG_CXX_LANGUAGE_STANDARD = "gnu++14";
				CLANG_CXX_LIBRARY = "libc++";
				CLANG_ENABLE_MODULES = YES;
				CLANG_ENABLE_OBJC_ARC = YES;
				CLANG_ENABLE_OBJC_WEAK = YES;
				CLANG_WARN_BLOCK_CAPTURE_AUTORELEASING = YES;
				CLANG_WARN_BOOL_CONVERSION = YES;
				CLANG_WARN_COMMA = YES;
				CLANG_WARN_CONSTANT_CONVERSION = YES;
				CLANG_WARN_DEPRECATED_OBJC_IMPLEMENTATIONS = YES;
				CLANG_WARN_DIRECT_OBJC_ISA_USAGE = YES_ERROR;
				CLANG_WARN_DOCUMENTATION_COMMENTS = YES;
				CLANG_WARN_EMPTY_BODY = YES;
				CLANG_WARN_ENUM_CONVERSION = YES;
				CLANG_WARN_INFINITE_RECURSION = YES;
				CLANG_WARN_INT_CONVERSION = YES;
				CLANG_WARN_NON_LITERAL_NULL_CONVERSION = YES;
				CLANG_WARN_OBJC_IMPLICIT_RETAIN_SELF = YES;
				CLANG_WARN_OBJC_LITERAL_CONVERSION = YES;
				CLANG_WARN_OBJC_ROOT_CLASS = YES_ERROR;
				CLANG_WARN_QUOTED_INCLUDE_IN_FRAMEWORK_HEADER = YES;
				CLANG_WARN_RANGE_LOOP_ANALYSIS = YES;
				CLANG_WARN_STRICT_PROTOTYPES = YES;
				CLANG_WARN_SUSPICIOUS_MOVE = YES;
				CLANG_WARN_UNGUARDED_AVAILABILITY = YES_AGGRESSIVE;
				CLANG_WARN_UNREACHABLE_CODE = YES;
				CLANG_WARN__DUPLICATE_METHOD_MATCH = YES;
				COPY_PHASE_STRIP = NO;
				DEBUG_INFORMATION_FORMAT = "dwarf-with-dsym";
				ENABLE_NS_ASSERTIONS = NO;
				ENABLE_STRICT_OBJC_MSGSEND = YES;
				GCC_C_LANGUAGE_STANDARD = gnu11;
				GCC_NO_COMMON_BLOCKS = YES;
				GCC_WARN_64_TO_32_BIT_CONVERSION = YES;
				GCC_WARN_ABOUT_RETURN_TYPE = YES_ERROR;
				GCC_WARN_UNDECLARED_SELECTOR = YES;
				GCC_WARN_UNINITIALIZED_AUTOS = YES_AGGRESSIVE;
				GCC_WARN_UNUSED_FUNCTION = YES;
				GCC_WARN_UNUSED_VARIABLE = YES;
				IPHONEOS_DEPLOYMENT_TARGET = 14.5;
				MTL_ENABLE_DEBUG_INFO = NO;
				MTL_FAST_MATH = YES;
				SDKROOT = iphoneos;
				SWIFT_COMPILATION_MODE = wholemodule;
				SWIFT_OPTIMIZATION_LEVEL = "-O";
				VALIDATE_PRODUCT = YES;
			};
			name = Release;
		};
		AD4706A426D0A67F0092876B /* Debug */ = {
			isa = XCBuildConfiguration;
			buildSettings = {
				ASSETCATALOG_COMPILER_APPICON_NAME = AppIcon;
				ASSETCATALOG_COMPILER_GLOBAL_ACCENT_COLOR_NAME = AccentColor;
				CODE_SIGN_STYLE = Automatic;
				DEVELOPMENT_TEAM = R6V3UCSNG3;
				INFOPLIST_FILE = CoreDataTest/Info.plist;
				LD_RUNPATH_SEARCH_PATHS = (
					"$(inherited)",
					"@executable_path/Frameworks",
				);
				PRODUCT_BUNDLE_IDENTIFIER = com.ycompany.CoreDataTest;
				PRODUCT_NAME = "$(TARGET_NAME)";
				SWIFT_VERSION = 5.0;
				TARGETED_DEVICE_FAMILY = "1,2";
			};
			name = Debug;
		};
		AD4706A526D0A67F0092876B /* Release */ = {
			isa = XCBuildConfiguration;
			buildSettings = {
				ASSETCATALOG_COMPILER_APPICON_NAME = AppIcon;
				ASSETCATALOG_COMPILER_GLOBAL_ACCENT_COLOR_NAME = AccentColor;
				CODE_SIGN_STYLE = Automatic;
				DEVELOPMENT_TEAM = R6V3UCSNG3;
				INFOPLIST_FILE = CoreDataTest/Info.plist;
				LD_RUNPATH_SEARCH_PATHS = (
					"$(inherited)",
					"@executable_path/Frameworks",
				);
				PRODUCT_BUNDLE_IDENTIFIER = com.ycompany.CoreDataTest;
				PRODUCT_NAME = "$(TARGET_NAME)";
				SWIFT_VERSION = 5.0;
				TARGETED_DEVICE_FAMILY = "1,2";
			};
			name = Release;
		};
/* End XCBuildConfiguration section */

/* Begin XCConfigurationList section */
		AD47068A26D0A67F0092876B /* Build configuration list for PBXProject "CoreDataTest" */ = {
			isa = XCConfigurationList;
			buildConfigurations = (
				AD4706A126D0A67F0092876B /* Debug */,
				AD4706A226D0A67F0092876B /* Release */,
			);
			defaultConfigurationIsVisible = 0;
			defaultConfigurationName = Release;
		};
		AD4706A326D0A67F0092876B /* Build configuration list for PBXNativeTarget "CoreDataTest" */ = {
			isa = XCConfigurationList;
			buildConfigurations = (
				AD4706A426D0A67F0092876B /* Debug */,
				AD4706A526D0A67F0092876B /* Release */,
			);
			defaultConfigurationIsVisible = 0;
			defaultConfigurationName = Release;
		};
/* End XCConfigurationList section */

/* Begin XCVersionGroup section */
		AD5ABBEE26D75300006F22E1 /* Model.xcdatamodeld */ = {
			isa = XCVersionGroup;
			children = (
				AD5ABBEF26D75300006F22E1 /* Model.xcdatamodel */,
			);
			currentVersion = AD5ABBEF26D75300006F22E1 /* Model.xcdatamodel */;
			path = Model.xcdatamodeld;
			sourceTree = "<group>";
			versionGroupType = wrapper.xcdatamodel;
		};
/* End XCVersionGroup section */
	};
	rootObject = AD47068726D0A67F0092876B /* Project object */;
}
